
Microsoft Visual Studio Solution File, Format Version 12.00
# Visual Studio Version 16
VisualStudioVersion = 16.0.29215.179
MinimumVisualStudioVersion = 10.0.40219.1
Project("{2150E333-8FDC-42A3-9474-1A3956D46DE8}") = "UnitTests", "UnitTests", "{EE271772-BF08-45F6-A2AC-32073B15A39C}"
EndProject
Project("{C7167F0D-BC9F-4E6E-AFE1-012C56B48DB5}") = "WeekNotifier.WAP", "WeekNotifier.WAP\WeekNotifier.WAP.wapproj", "{97876506-66B6-46FD-8DA9-7132419EBE65}"
EndProject
Project("{9A19103F-16F7-4668-BE54-9A1E7A4F7556}") = "WeekNotifier", "WeekNotifier\WeekNotifier.csproj", "{4A0F63C9-8281-492B-B07C-422D3E3B8E8A}"
EndProject
Project("{9A19103F-16F7-4668-BE54-9A1E7A4F7556}") = "Richter.Common.Utilities", "..\Richter.Common\Utilities\Richter.Common.Utilities.csproj", "{90384427-D856-46C1-A4DA-A45026011D6C}"
EndProject
Project("{9A19103F-16F7-4668-BE54-9A1E7A4F7556}") = "Richter.Common.WpfUtils", "..\Richter.Common\WpfUtils\Richter.Common.WpfUtils.csproj", "{25759762-1C36-408E-BBEA-165CE8334F62}"
EndProject
Global
	GlobalSection(SolutionConfigurationPlatforms) = preSolution
		Debug|Any CPU = Debug|Any CPU
		Debug|ARM = Debug|ARM
		Debug|ARM64 = Debug|ARM64
		Debug|x64 = Debug|x64
		Debug|x86 = Debug|x86
		Release|Any CPU = Release|Any CPU
		Release|ARM = Release|ARM
		Release|ARM64 = Release|ARM64
		Release|x64 = Release|x64
		Release|x86 = Release|x86
	EndGlobalSection
	GlobalSection(ProjectConfigurationPlatforms) = postSolution
		{97876506-66B6-46FD-8DA9-7132419EBE65}.Debug|Any CPU.ActiveCfg = Debug|Any CPU
		{97876506-66B6-46FD-8DA9-7132419EBE65}.Debug|Any CPU.Build.0 = Debug|Any CPU
		{97876506-66B6-46FD-8DA9-7132419EBE65}.Debug|Any CPU.Deploy.0 = Debug|Any CPU
		{97876506-66B6-46FD-8DA9-7132419EBE65}.Debug|ARM.ActiveCfg = Debug|Any CPU
		{97876506-66B6-46FD-8DA9-7132419EBE65}.Debug|ARM64.ActiveCfg = Debug|Any CPU
		{97876506-66B6-46FD-8DA9-7132419EBE65}.Debug|x64.ActiveCfg = Debug|Any CPU
		{97876506-66B6-46FD-8DA9-7132419EBE65}.Debug|x86.ActiveCfg = Debug|Any CPU
		{97876506-66B6-46FD-8DA9-7132419EBE65}.Debug|x86.Build.0 = Debug|Any CPU
		{97876506-66B6-46FD-8DA9-7132419EBE65}.Debug|x86.Deploy.0 = Debug|Any CPU
		{97876506-66B6-46FD-8DA9-7132419EBE65}.Release|Any CPU.ActiveCfg = Release|Any CPU
		{97876506-66B6-46FD-8DA9-7132419EBE65}.Release|Any CPU.Build.0 = Release|Any CPU
		{97876506-66B6-46FD-8DA9-7132419EBE65}.Release|Any CPU.Deploy.0 = Release|Any CPU
		{97876506-66B6-46FD-8DA9-7132419EBE65}.Release|ARM.ActiveCfg = Release|Any CPU
		{97876506-66B6-46FD-8DA9-7132419EBE65}.Release|ARM64.ActiveCfg = Release|Any CPU
		{97876506-66B6-46FD-8DA9-7132419EBE65}.Release|x64.ActiveCfg = Release|Any CPU
		{97876506-66B6-46FD-8DA9-7132419EBE65}.Release|x86.ActiveCfg = Release|x86
		{97876506-66B6-46FD-8DA9-7132419EBE65}.Release|x86.Build.0 = Release|x86
		{97876506-66B6-46FD-8DA9-7132419EBE65}.Release|x86.Deploy.0 = Release|x86
		{4A0F63C9-8281-492B-B07C-422D3E3B8E8A}.Debug|Any CPU.ActiveCfg = Debug|Any CPU
		{4A0F63C9-8281-492B-B07C-422D3E3B8E8A}.Debug|Any CPU.Build.0 = Debug|Any CPU
		{4A0F63C9-8281-492B-B07C-422D3E3B8E8A}.Debug|ARM.ActiveCfg = Debug|Any CPU
		{4A0F63C9-8281-492B-B07C-422D3E3B8E8A}.Debug|ARM.Build.0 = Debug|Any CPU
		{4A0F63C9-8281-492B-B07C-422D3E3B8E8A}.Debug|ARM64.ActiveCfg = Debug|Any CPU
		{4A0F63C9-8281-492B-B07C-422D3E3B8E8A}.Debug|ARM64.Build.0 = Debug|Any CPU
		{4A0F63C9-8281-492B-B07C-422D3E3B8E8A}.Debug|x64.ActiveCfg = Debug|Any CPU
		{4A0F63C9-8281-492B-B07C-422D3E3B8E8A}.Debug|x64.Build.0 = Debug|Any CPU
		{4A0F63C9-8281-492B-B07C-422D3E3B8E8A}.Debug|x86.ActiveCfg = Debug|Any CPU
		{4A0F63C9-8281-492B-B07C-422D3E3B8E8A}.Debug|x86.Build.0 = Debug|Any CPU
		{4A0F63C9-8281-492B-B07C-422D3E3B8E8A}.Release|Any CPU.ActiveCfg = Release|Any CPU
		{4A0F63C9-8281-492B-B07C-422D3E3B8E8A}.Release|Any CPU.Build.0 = Release|Any CPU
		{4A0F63C9-8281-492B-B07C-422D3E3B8E8A}.Release|ARM.ActiveCfg = Release|Any CPU
		{4A0F63C9-8281-492B-B07C-422D3E3B8E8A}.Release|ARM.Build.0 = Release|Any CPU
		{4A0F63C9-8281-492B-B07C-422D3E3B8E8A}.Release|ARM64.ActiveCfg = Release|Any CPU
		{4A0F63C9-8281-492B-B07C-422D3E3B8E8A}.Release|ARM64.Build.0 = Release|Any CPU
		{4A0F63C9-8281-492B-B07C-422D3E3B8E8A}.Release|x64.ActiveCfg = Release|Any CPU
		{4A0F63C9-8281-492B-B07C-422D3E3B8E8A}.Release|x64.Build.0 = Release|Any CPU
		{4A0F63C9-8281-492B-B07C-422D3E3B8E8A}.Release|x86.ActiveCfg = Release|Any CPU
		{4A0F63C9-8281-492B-B07C-422D3E3B8E8A}.Release|x86.Build.0 = Release|Any CPU
		{90384427-D856-46C1-A4DA-A45026011D6C}.Debug|Any CPU.ActiveCfg = Debug|Any CPU
		{90384427-D856-46C1-A4DA-A45026011D6C}.Debug|Any CPU.Build.0 = Debug|Any CPU
		{90384427-D856-46C1-A4DA-A45026011D6C}.Debug|ARM.ActiveCfg = Debug|Any CPU
		{90384427-D856-46C1-A4DA-A45026011D6C}.Debug|ARM.Build.0 = Debug|Any CPU
		{90384427-D856-46C1-A4DA-A45026011D6C}.Debug|ARM64.ActiveCfg = Debug|Any CPU
		{90384427-D856-46C1-A4DA-A45026011D6C}.Debug|ARM64.Build.0 = Debug|Any CPU
		{90384427-D856-46C1-A4DA-A45026011D6C}.Debug|x64.ActiveCfg = Debug|Any CPU
		{90384427-D856-46C1-A4DA-A45026011D6C}.Debug|x64.Build.0 = Debug|Any CPU
		{90384427-D856-46C1-A4DA-A45026011D6C}.Debug|x86.ActiveCfg = Debug|Any CPU
		{90384427-D856-46C1-A4DA-A45026011D6C}.Debug|x86.Build.0 = Debug|Any CPU
		{90384427-D856-46C1-A4DA-A45026011D6C}.Release|Any CPU.ActiveCfg = Release|Any CPU
		{90384427-D856-46C1-A4DA-A45026011D6C}.Release|Any CPU.Build.0 = Release|Any CPU
		{90384427-D856-46C1-A4DA-A45026011D6C}.Release|ARM.ActiveCfg = Release|Any CPU
		{90384427-D856-46C1-A4DA-A45026011D6C}.Release|ARM.Build.0 = Release|Any CPU
		{90384427-D856-46C1-A4DA-A45026011D6C}.Release|ARM64.ActiveCfg = Release|Any CPU
		{90384427-D856-46C1-A4DA-A45026011D6C}.Release|ARM64.Build.0 = Release|Any CPU
		{90384427-D856-46C1-A4DA-A45026011D6C}.Release|x64.ActiveCfg = Release|Any CPU
		{90384427-D856-46C1-A4DA-A45026011D6C}.Release|x64.Build.0 = Release|Any CPU
		{90384427-D856-46C1-A4DA-A45026011D6C}.Release|x86.ActiveCfg = Release|Any CPU
		{90384427-D856-46C1-A4DA-A45026011D6C}.Release|x86.Build.0 = Release|Any CPU
		{25759762-1C36-408E-BBEA-165CE8334F62}.Debug|Any CPU.ActiveCfg = Debug|Any CPU
		{25759762-1C36-408E-BBEA-165CE8334F62}.Debug|Any CPU.Build.0 = Debug|Any CPU
		{25759762-1C36-408E-BBEA-165CE8334F62}.Debug|ARM.ActiveCfg = Debug|Any CPU
		{25759762-1C36-408E-BBEA-165CE8334F62}.Debug|ARM.Build.0 = Debug|Any CPU
		{25759762-1C36-408E-BBEA-165CE8334F62}.Debug|ARM64.ActiveCfg = Debug|Any CPU
		{25759762-1C36-408E-BBEA-165CE8334F62}.Debug|ARM64.Build.0 = Debug|Any CPU
		{25759762-1C36-408E-BBEA-165CE8334F62}.Debug|x64.ActiveCfg = Debug|Any CPU
		{25759762-1C36-408E-BBEA-165CE8334F62}.Debug|x64.Build.0 = Debug|Any CPU
		{25759762-1C36-408E-BBEA-165CE8334F62}.Debug|x86.ActiveCfg = Debug|Any CPU
		{25759762-1C36-408E-BBEA-165CE8334F62}.Debug|x86.Build.0 = Debug|Any CPU
		{25759762-1C36-408E-BBEA-165CE8334F62}.Release|Any CPU.ActiveCfg = Release|Any CPU
		{25759762-1C36-408E-BBEA-165CE8334F62}.Release|Any CPU.Build.0 = Release|Any CPU
		{25759762-1C36-408E-BBEA-165CE8334F62}.Release|ARM.ActiveCfg = Release|Any CPU
		{25759762-1C36-408E-BBEA-165CE8334F62}.Release|ARM.Build.0 = Release|Any CPU
		{25759762-1C36-408E-BBEA-165CE8334F62}.Release|ARM64.ActiveCfg = Release|Any CPU
		{25759762-1C36-408E-BBEA-165CE8334F62}.Release|ARM64.Build.0 = Release|Any CPU
		{25759762-1C36-408E-BBEA-165CE8334F62}.Release|x64.ActiveCfg = Release|Any CPU
		{25759762-1C36-408E-BBEA-165CE8334F62}.Release|x64.Build.0 = Release|Any CPU
		{25759762-1C36-408E-BBEA-165CE8334F62}.Release|x86.ActiveCfg = Release|Any CPU
		{25759762-1C36-408E-BBEA-165CE8334F62}.Release|x86.Build.0 = Release|Any CPU
	EndGlobalSection
	GlobalSection(SolutionProperties) = preSolution
		HideSolutionNode = FALSE
	EndGlobalSection
	GlobalSection(ExtensibilityGlobals) = postSolution
		SolutionGuid = {C3984B4E-F4FF-47AA-B205-9929CE9A8CF8}
	EndGlobalSection
EndGlobal
